// !$*UTF8*$!
{
	archiveVersion = 1;
	classes = {
	};
	objectVersion = 46;
	objects = {

/* Begin PBXBuildFile section */
		18BE74CA1D0E53F2001628D5 /* AppDelegate.m in Sources */ = {isa = PBXBuildFile; fileRef = 18BE74C91D0E53F2001628D5 /* AppDelegate.m */; };
		18BE74CD1D0E53F2001628D5 /* main.m in Sources */ = {isa = PBXBuildFile; fileRef = 18BE74CC1D0E53F2001628D5 /* main.m */; };
		18BE74CF1D0E53F2001628D5 /* Assets.xcassets in Resources */ = {isa = PBXBuildFile; fileRef = 18BE74CE1D0E53F2001628D5 /* Assets.xcassets */; };
		18BE74D21D0E53F2001628D5 /* MainMenu.xib in Resources */ = {isa = PBXBuildFile; fileRef = 18BE74D01D0E53F2001628D5 /* MainMenu.xib */; };
/* End PBXBuildFile section */

/* Begin PBXFileReference section */
		18BE74C51D0E53F2001628D5 /* FileTypeTest.app */ = {isa = PBXFileReference; explicitFileType = wrapper.application; includeInIndex = 0; path = FileTypeTest.app; sourceTree = BUILT_PRODUCTS_DIR; };
		18BE74C81D0E53F2001628D5 /* AppDelegate.h */ = {isa = PBXFileReference; lastKnownFileType = sourcecode.c.h; path = AppDelegate.h; sourceTree = "<group>"; };
		18BE74C91D0E53F2001628D5 /* AppDelegate.m */ = {isa = PBXFileReference; lastKnownFileType = sourcecode.c.objc; path = AppDelegate.m; sourceTree = "<group>"; };
		18BE74CC1D0E53F2001628D5 /* main.m */ = {isa = PBXFileReference; lastKnownFileType = sourcecode.c.objc; path = main.m; sourceTree = "<group>"; };
		18BE74CE1D0E53F2001628D5 /* Assets.xcassets */ = {isa = PBXFileReference; lastKnownFileType = folder.assetcatalog; path = Assets.xcassets; sourceTree = "<group>"; };
		18BE74D11D0E53F2001628D5 /* Base */ = {isa = PBXFileReference; lastKnownFileType = file.xib; name = Base; path = Base.lproj/MainMenu.xib; sourceTree = "<group>"; };
		18BE74D31D0E53F2001628D5 /* Info.plist */ = {isa = PBXFileReference; lastKnownFileType = text.plist.xml; path = Info.plist; sourceTree = "<group>"; };
/* End PBXFileReference section */

/* Begin PBXFrameworksBuildPhase section */
		18BE74C21D0E53F2001628D5 /* Frameworks */ = {
			isa = PBXFrameworksBuildPhase;
			buildActionMask = 2147483647;
			files = (
			);
			runOnlyForDeploymentPostprocessing = 0;
		};
/* End PBXFrameworksBuildPhase section */

/* Begin PBXGroup section */
		18BE74BC1D0E53F2001628D5 = {
			isa = PBXGroup;
			children = (
				18BE74C71D0E53F2001628D5 /* FileTypeTest */,
				18BE74C61D0E53F2001628D5 /* Products */,
			);
			sourceTree = "<group>";
		};
		18BE74C61D0E53F2001628D5 /* Products */ = {
			isa = PBXGroup;
			children = (
				18BE74C51D0E53F2001628D5 /* FileTypeTest.app */,
			);
			name = Products;
			sourceTree = "<group>";
		};
		18BE74C71D0E53F2001628D5 /* FileTypeTest */ = {
			isa = PBXGroup;
			children = (
				18BE74C81D0E53F2001628D5 /* AppDelegate.h */,
				18BE74C91D0E53F2001628D5 /* AppDelegate.m */,
				18BE74CE1D0E53F2001628D5 /* Assets.xcassets */,
				18BE74D01D0E53F2001628D5 /* MainMenu.xib */,
				18BE74D31D0E53F2001628D5 /* Info.plist */,
				18BE74CB1D0E53F2001628D5 /* Supporting Files */,
			);
			path = FileTypeTest;
			sourceTree = "<group>";
		};
		18BE74CB1D0E53F2001628D5 /* Supporting Files */ = {
			isa = PBXGroup;
			children = (
				18BE74CC1D0E53F2001628D5 /* main.m */,
			);
			name = "Supporting Files";
			sourceTree = "<group>";
		};
/* End PBXGroup section */

/* Begin PBXNativeTarget section */
		18BE74C41D0E53F2001628D5 /* FileTypeTest */ = {
			isa = PBXNativeTarget;
			buildConfigurationList = 18BE74D61D0E53F2001628D5 /* Build configuration list for PBXNativeTarget "FileTypeTest" */;
			buildPhases = (
				18BE74C11D0E53F2001628D5 /* Sources */,
				18BE74C21D0E53F2001628D5 /* Frameworks */,
				18BE74C31D0E53F2001628D5 /* Resources */,
			);
			buildRules = (
			);
			dependencies = (
			);
			name = FileTypeTest;
			productName = FileTypeTest;
			productReference = 18BE74C51D0E53F2001628D5 /* FileTypeTest.app */;
			productType = "com.apple.product-type.application";
		};
/* End PBXNativeTarget section */

/* Begin PBXProject section */
		18BE74BD1D0E53F2001628D5 /* Project object */ = {
			isa = PBXProject;
			attributes = {
				LastUpgradeCheck = 0730;
				ORGANIZATIONNAME = apple;
				TargetAttributes = {
					18BE74C41D0E53F2001628D5 = {
						CreatedOnToolsVersion = 7.3.1;
					};
				};
			};
			buildConfigurationList = 18BE74C01D0E53F2001628D5 /* Build configuration list for PBXProject "FileTypeTest" */;
			compatibilityVersion = "Xcode 3.2";
			developmentRegion = English;
			hasScannedForEncodings = 0;
			knownRegions = (
				en,
				Base,
			);
			mainGroup = 18BE74BC1D0E53F2001628D5;
			productRefGroup = 18BE74C61D0E53F2001628D5 /* Products */;
			projectDirPath = "";
			projectRoot = "";
			targets = (
				18BE74C41D0E53F2001628D5 /* FileTypeTest */,
			);
		};
/* End PBXProject section */

/* Begin PBXResourcesBuildPhase section */
		18BE74C31D0E53F2001628D5 /* Resources */ = {
			isa = PBXResourcesBuildPhase;
			buildActionMask = 2147483647;
			files = (
				18BE74CF1D0E53F2001628D5 /* Assets.xcassets in Resources */,
				18BE74D21D0E53F2001628D5 /* MainMenu.xib in Resources */,
			);
			runOnlyForDeploymentPostprocessing = 0;
		};
/* End PBXResourcesBuildPhase section */

/* Begin PBXSourcesBuildPhase section */
		18BE74C11D0E53F2001628D5 /* Sources */ = {
			isa = PBXSourcesBuildPhase;
			buildActionMask = 2147483647;
			files = (
				18BE74CD1D0E53F2001628D5 /* main.m in Sources */,
				18BE74CA1D0E53F2001628D5 /* AppDelegate.m in Sources */,
			);
			runOnlyForDeploymentPostprocessing = 0;
		};
/* End PBXSourcesBuildPhase section */

/* Begin PBXVariantGroup section */
		18BE74D01D0E53F2001628D5 /* MainMenu.xib */ = {
			isa = PBXVariantGroup;
			children = (
				18BE74D11D0E53F2001628D5 /* Base */,
			);
			name = MainMenu.xib;
			sourceTree = "<group>";
		};
/* End PBXVariantGroup section */

/* Begin XCBuildConfiguration section */
		18BE74D41D0E53F2001628D5 /* Debug */ = {
			isa = XCBuildConfiguration;
			buildSettings = {
				ALWAYS_SEARCH_USER_PATHS = NO;
				CLANG_ANALYZER_NONNULL = YES;
				CLANG_CXX_LANGUAGE_STANDARD = "gnu++0x";
				CLANG_CXX_LIBRARY = "libc++";
				CLANG_ENABLE_MODULES = YES;
				CLANG_ENABLE_OBJC_ARC = YES;
				CLANG_WARN_BOOL_CONVERSION = YES;
				CLANG_WARN_CONSTANT_CONVERSION = YES;
				CLANG_WARN_DIRECT_OBJC_ISA_USAGE = YES_ERROR;
				CLANG_WARN_EMPTY_BODY = YES;
				CLANG_WARN_ENUM_CONVERSION = YES;
				CLANG_WARN_INT_CONVERSION = YES;
				CLANG_WARN_OBJC_ROOT_CLASS = YES_ERROR;
				CLANG_WARN_UNREACHABLE_CODE = YES;
				CLANG_WARN__DUPLICATE_METHOD_MATCH = YES;
				CODE_SIGN_IDENTITY = "-";
				COPY_PHASE_STRIP = NO;
				DEBUG_INFORMATION_FORMAT = dwarf;
				ENABLE_STRICT_OBJC_MSGSEND = YES;
				ENABLE_TESTABILITY = YES;
				GCC_C_LANGUAGE_STANDARD = gnu99;
				GCC_DYNAMIC_NO_PIC = NO;
				GCC_NO_COMMON_BLOCKS = YES;
				GCC_OPTIMIZATION_LEVEL = 0;
				GCC_PREPROCESSOR_DEFINITIONS = (
					"DEBUG=1",
					"$(inherited)",
				);
				GCC_WARN_64_TO_32_BIT_CONVERSION = YES;
				GCC_WARN_ABOUT_RETURN_TYPE = YES_ERROR;
				GCC_WARN_UNDECLARED_SELECTOR = YES;
				GCC_WARN_UNINITIALIZED_AUTOS = YES_AGGRESSIVE;
				GCC_WARN_UNUSED_FUNCTION = YES;
				GCC_WARN_UNUSED_VARIABLE = YES;
				MACOSX_DEPLOYMENT_TARGET = 10.11;
				MTL_ENABLE_DEBUG_INFO = YES;
				ONLY_ACTIVE_ARCH = YES;
				SDKROOT = macosx;
			};
			name = Debug;
		};
		18BE74D51D0E53F2001628D5 /* Release */ = {
			isa = XCBuildConfiguration;
			buildSettings = {
				ALWAYS_SEARCH_USER_PATHS = NO;
				CLANG_ANALYZER_NONNULL = YES;
				CLANG_CXX_LANGUAGE_STANDARD = "gnu++0x";
				CLANG_CXX_LIBRARY = "libc++";
				CLANG_ENABLE_MODULES = YES;
				CLANG_ENABLE_OBJC_ARC = YES;
				CLANG_WARN_BOOL_CONVERSION = YES;
				CLANG_WARN_CONSTANT_CONVERSION = YES;
				CLANG_WARN_DIRECT_OBJC_ISA_USAGE = YES_ERROR;
				CLANG_WARN_EMPTY_BODY = YES;
				CLANG_WARN_ENUM_CONVERSION = YES;
				CLANG_WARN_INT_CONVERSION = YES;
				CLANG_WARN_OBJC_ROOT_CLASS = YES_ERROR;
				CLANG_WARN_UNREACHABLE_CODE = YES;
				CLANG_WARN__DUPLICATE_METHOD_MATCH = YES;
				CODE_SIGN_IDENTITY = "-";
				COPY_PHASE_STRIP = NO;
				DEBUG_INFORMATION_FORMAT = "dwarf-with-dsym";
				ENABLE_NS_ASSERTIONS = NO;
				ENABLE_STRICT_OBJC_MSGSEND = YES;
				GCC_C_LANGUAGE_STANDARD = gnu99;
				GCC_NO_COMMON_BLOCKS = YES;
				GCC_WARN_64_TO_32_BIT_CONVERSION = YES;
				GCC_WARN_ABOUT_RETURN_TYPE = YES_ERROR;
				GCC_WARN_UNDECLARED_SELECTOR = YES;
				GCC_WARN_UNINITIALIZED_AUTOS = YES_AGGRESSIVE;
				GCC_WARN_UNUSED_FUNCTION = YES;
				GCC_WARN_UNUSED_VARIABLE = YES;
				MACOSX_DEPLOYMENT_TARGET = 10.11;
				MTL_ENABLE_DEBUG_INFO = NO;
				SDKROOT = macosx;
			};
			name = Release;
		};
		18BE74D71D0E53F2001628D5 /* Debug */ = {
			isa = XCBuildConfiguration;
			buildSettings = {
				ASSETCATALOG_COMPILER_APPICON_NAME = AppIcon;
				COMBINE_HIDPI_IMAGES = YES;
				INFOPLIST_FILE = FileTypeTest/Info.plist;
				LD_RUNPATH_SEARCH_PATHS = "$(inherited) @executable_path/../Frameworks";
				PRODUCT_BUNDLE_IDENTIFIER = fantacy.FileTypeTest;
				PRODUCT_NAME = "$(TARGET_NAME)";
			};
			name = Debug;
		};
		18BE74D81D0E53F2001628D5 /* Release */ = {
			isa = XCBuildConfiguration;
			buildSettings = {
				ASSETCATALOG_COMPILER_APPICON_NAME = AppIcon;
				COMBINE_HIDPI_IMAGES = YES;
				INFOPLIST_FILE = FileTypeTest/Info.plist;
				LD_RUNPATH_SEARCH_PATHS = "$(inherited) @executable_path/../Frameworks";
				PRODUCT_BUNDLE_IDENTIFIER = fantacy.FileTypeTest;
				PRODUCT_NAME = "$(TARGET_NAME)";
			};
			name = Release;
		};
/* End XCBuildConfiguration section */

/* Begin XCConfigurationList section */
		18BE74C01D0E53F2001628D5 /* Build configuration list for PBXProject "FileTypeTest" */ = {
			isa = XCConfigurationList;
			buildConfigurations = (
				18BE74D41D0E53F2001628D5 /* Debug */,
				18BE74D51D0E53F2001628D5 /* Release */,
			);
			defaultConfigurationIsVisible = 0;
			defaultConfigurationName = Release;
		};
		18BE74D61D0E53F2001628D5 /* Build configuration list for PBXNativeTarget "FileTypeTest" */ = {
			isa = XCConfigurationList;
			buildConfigurations = (
				18BE74D71D0E53F2001628D5 /* Debug */,
				18BE74D81D0E53F2001628D5 /* Release */,
			);
			defaultConfigurationIsVisible = 0;
		};
/* End XCConfigurationList section */
	};
	rootObject = 18BE74BD1D0E53F2001628D5 /* Project object */;
}
